
Microsoft Visual Studio Solution File, Format Version 12.00
# Visual Studio Version 16
VisualStudioVersion = 16.0.29613.14
MinimumVisualStudioVersion = 10.0.40219.1
Project("{9A19103F-16F7-4668-BE54-9A1E7A4F7556}") = "CartPolePhysics", "CartPolePhysics\CartPolePhysics.csproj", "{EAB6E670-4D2C-401E-AC83-005E61FE0B08}"
EndProject
Project("{FAE04EC0-301F-11D3-BF4B-00C04F79EFBC}") = "CartPoleConsole", "CartPoleConsole\CartPoleConsole.csproj", "{4CE58879-6474-436E-9272-4BEEA2A20074}"
EndProject
Project("{FAE04EC0-301F-11D3-BF4B-00C04F79EFBC}") = "CartPoleWinForms", "CartPoleWinForms\CartPoleWinForms.csproj", "{D55112E9-6D9E-4B13-A7EE-47B458BEEDC6}"
EndProject
Global
	GlobalSection(SolutionConfigurationPlatforms) = preSolution
		Debug|Any CPU = Debug|Any CPU
		Release|Any CPU = Release|Any CPU
	EndGlobalSection
	GlobalSection(ProjectConfigurationPlatforms) = postSolution
		{EAB6E670-4D2C-401E-AC83-005E61FE0B08}.Debug|Any CPU.ActiveCfg = Debug|Any CPU
		{EAB6E670-4D2C-401E-AC83-005E61FE0B08}.Debug|Any CPU.Build.0 = Debug|Any CPU
		{EAB6E670-4D2C-401E-AC83-005E61FE0B08}.Release|Any CPU.ActiveCfg = Release|Any CPU
		{EAB6E670-4D2C-401E-AC83-005E61FE0B08}.Release|Any CPU.Build.0 = Release|Any CPU
		{4CE58879-6474-436E-9272-4BEEA2A20074}.Debug|Any CPU.ActiveCfg = Debug|Any CPU
		{4CE58879-6474-436E-9272-4BEEA2A20074}.Debug|Any CPU.Build.0 = Debug|Any CPU
		{4CE58879-6474-436E-9272-4BEEA2A20074}.Release|Any CPU.ActiveCfg = Release|Any CPU
		{4CE58879-6474-436E-9272-4BEEA2A20074}.Release|Any CPU.Build.0 = Release|Any CPU
		{D55112E9-6D9E-4B13-A7EE-47B458BEEDC6}.Debug|Any CPU.ActiveCfg = Debug|Any CPU
		{D55112E9-6D9E-4B13-A7EE-47B458BEEDC6}.Debug|Any CPU.Build.0 = Debug|Any CPU
		{D55112E9-6D9E-4B13-A7EE-47B458BEEDC6}.Release|Any CPU.ActiveCfg = Release|Any CPU
		{D55112E9-6D9E-4B13-A7EE-47B458BEEDC6}.Release|Any CPU.Build.0 = Release|Any CPU
	EndGlobalSection
	GlobalSection(SolutionProperties) = preSolution
		HideSolutionNode = FALSE
	EndGlobalSection
	GlobalSection(ExtensibilityGlobals) = postSolution
		SolutionGuid = {34D4ABF7-5E0A-4B84-813F-8C919F9579E1}
	EndGlobalSection
EndGlobal
